# THIS IS AN AUTOGENERATED FILE. DO NOT EDIT THIS FILE DIRECTLY.
# yarn lockfile v1


"52-deck@^1.0.0":
  version "1.1.0"
  resolved "https://registry.yarnpkg.com/52-deck/-/52-deck-1.1.0.tgz#be5c0f88bf70450502f298ce9d057e3939669ab2"

blackjack-strategy@^1.3.2:
  version "1.3.2"
  resolved "https://registry.yarnpkg.com/blackjack-strategy/-/blackjack-strategy-1.3.2.tgz#413ebe4cd548a02161dc0246281371de02b6f784"

debug@^2.6.8:
  version "2.6.8"
  resolved "https://registry.yarnpkg.com/debug/-/debug-2.6.8.tgz#e731531ca2ede27d188222427da17821d68ff4fc"
  dependencies:
    ms "2.0.0"

engine-blackjack@^0.9.2:
  version "0.9.2"
  resolved "https://registry.yarnpkg.com/engine-blackjack/-/engine-blackjack-0.9.2.tgz#7356efab94f3334751e71c817e5b3d7538f6c083"
  dependencies:
    "52-deck" "^1.0.0"

lodash@^4.17.4:
  version "4.17.4"
  resolved "https://registry.yarnpkg.com/lodash/-/lodash-4.17.4.tgz#78203a4d1c328ae1d86dca6460e369b57f4055ae"

ms@2.0.0:
  version "2.0.0"
  resolved "https://registry.yarnpkg.com/ms/-/ms-2.0.0.tgz#5608aeadfc00be6c2901df5f9861788de0d597c8"
